
Microsoft Visual Studio Solution File, Format Version 12.00
# Visual Studio Version 17
VisualStudioVersion = 17.0.31903.59
MinimumVisualStudioVersion = 10.0.40219.1
Project("{FAE04EC0-301F-11D3-BF4B-00C04F79EFBC}") = "Board", "Board\Board.csproj", "{A644561F-4B73-4667-8F3A-C97565C62397}"
EndProject
Project("{FAE04EC0-301F-11D3-BF4B-00C04F79EFBC}") = "Tests", "Tests\Tests.csproj", "{C86C0241-2D9F-436E-BA58-7C00A68DE57D}"
EndProject
Project("{FAE04EC0-301F-11D3-BF4B-00C04F79EFBC}") = "Runner", "Runner\Runner.csproj", "{037778C2-DD8D-4D07-A77B-571927C4FE74}"
EndProject
Global
	GlobalSection(SolutionConfigurationPlatforms) = preSolution
		Debug|Any CPU = Debug|Any CPU
		Release|Any CPU = Release|Any CPU
	EndGlobalSection
	GlobalSection(SolutionProperties) = preSolution
		HideSolutionNode = FALSE
	EndGlobalSection
	GlobalSection(ProjectConfigurationPlatforms) = postSolution
		{A644561F-4B73-4667-8F3A-C97565C62397}.Debug|Any CPU.ActiveCfg = Debug|Any CPU
		{A644561F-4B73-4667-8F3A-C97565C62397}.Debug|Any CPU.Build.0 = Debug|Any CPU
		{A644561F-4B73-4667-8F3A-C97565C62397}.Release|Any CPU.ActiveCfg = Release|Any CPU
		{A644561F-4B73-4667-8F3A-C97565C62397}.Release|Any CPU.Build.0 = Release|Any CPU
		{C86C0241-2D9F-436E-BA58-7C00A68DE57D}.Debug|Any CPU.ActiveCfg = Debug|Any CPU
		{C86C0241-2D9F-436E-BA58-7C00A68DE57D}.Debug|Any CPU.Build.0 = Debug|Any CPU
		{C86C0241-2D9F-436E-BA58-7C00A68DE57D}.Release|Any CPU.ActiveCfg = Release|Any CPU
		{C86C0241-2D9F-436E-BA58-7C00A68DE57D}.Release|Any CPU.Build.0 = Release|Any CPU
		{037778C2-DD8D-4D07-A77B-571927C4FE74}.Debug|Any CPU.ActiveCfg = Debug|Any CPU
		{037778C2-DD8D-4D07-A77B-571927C4FE74}.Debug|Any CPU.Build.0 = Debug|Any CPU
		{037778C2-DD8D-4D07-A77B-571927C4FE74}.Release|Any CPU.ActiveCfg = Release|Any CPU
		{037778C2-DD8D-4D07-A77B-571927C4FE74}.Release|Any CPU.Build.0 = Release|Any CPU
	EndGlobalSection
EndGlobal
