
Microsoft Visual Studio Solution File, Format Version 12.00
# Visual Studio 15
VisualStudioVersion = 15.0.28307.329
MinimumVisualStudioVersion = 10.0.40219.1
Project("{FAE04EC0-301F-11D3-BF4B-00C04F79EFBC}") = "HappyNumberApp", "HappyNumberApp\HappyNumberApp.csproj", "{C0D93D42-DEB8-4EE2-B323-41BB07305AA8}"
EndProject
Global
	GlobalSection(SolutionConfigurationPlatforms) = preSolution
		Debug|Any CPU = Debug|Any CPU
		Release|Any CPU = Release|Any CPU
	EndGlobalSection
	GlobalSection(ProjectConfigurationPlatforms) = postSolution
		{C0D93D42-DEB8-4EE2-B323-41BB07305AA8}.Debug|Any CPU.ActiveCfg = Debug|Any CPU
		{C0D93D42-DEB8-4EE2-B323-41BB07305AA8}.Debug|Any CPU.Build.0 = Debug|Any CPU
		{C0D93D42-DEB8-4EE2-B323-41BB07305AA8}.Release|Any CPU.ActiveCfg = Release|Any CPU
		{C0D93D42-DEB8-4EE2-B323-41BB07305AA8}.Release|Any CPU.Build.0 = Release|Any CPU
	EndGlobalSection
	GlobalSection(SolutionProperties) = preSolution
		HideSolutionNode = FALSE
	EndGlobalSection
	GlobalSection(ExtensibilityGlobals) = postSolution
		SolutionGuid = {753D79C2-7EB4-4A0D-AE3A-F7AEDC2546F7}
	EndGlobalSection
EndGlobal
